
Microsoft Visual Studio Solution File, Format Version 12.00
# Visual Studio Version 17
VisualStudioVersion = 17.8.34408.163
MinimumVisualStudioVersion = 10.0.40219.1
Project("{FAE04EC0-301F-11D3-BF4B-00C04F79EFBC}") = "PizzeriaManagementAPI", "PizzeriaManagementAPI.csproj", "{3F5EE866-5497-4F0F-AD8E-7DCA53E11F2B}"
EndProject
Global
	GlobalSection(SolutionConfigurationPlatforms) = preSolution
		Debug|Any CPU = Debug|Any CPU
		Release|Any CPU = Release|Any CPU
	EndGlobalSection
	GlobalSection(ProjectConfigurationPlatforms) = postSolution
		{3F5EE866-5497-4F0F-AD8E-7DCA53E11F2B}.Debug|Any CPU.ActiveCfg = Debug|Any CPU
		{3F5EE866-5497-4F0F-AD8E-7DCA53E11F2B}.Debug|Any CPU.Build.0 = Debug|Any CPU
		{3F5EE866-5497-4F0F-AD8E-7DCA53E11F2B}.Release|Any CPU.ActiveCfg = Release|Any CPU
		{3F5EE866-5497-4F0F-AD8E-7DCA53E11F2B}.Release|Any CPU.Build.0 = Release|Any CPU
	EndGlobalSection
	GlobalSection(SolutionProperties) = preSolution
		HideSolutionNode = FALSE
	EndGlobalSection
	GlobalSection(ExtensibilityGlobals) = postSolution
		SolutionGuid = {D065361E-0494-411F-BE44-EEE8071A019A}
	EndGlobalSection
EndGlobal
